
Microsoft Visual Studio Solution File, Format Version 12.00
# Visual Studio Version 17
VisualStudioVersion = 17.14.37411.7 d17.14
MinimumVisualStudioVersion = 10.0.40219.1
Project("{FAE04EC0-301F-11D3-BF4B-00C04F79EFBC}") = "LocatorsTasks.Tests", "LocatorsTasks.Tests\LocatorsTasks.Tests.csproj", "{53209B9E-CAA3-4158-A25C-031AE9D35365}"
	ProjectSection(ProjectDependencies) = postProject
		{8E76C7D4-2189-47FE-B0D2-12A1261CE4F6} = {8E76C7D4-2189-47FE-B0D2-12A1261CE4F6}
	EndProjectSection
EndProject
Project("{FAE04EC0-301F-11D3-BF4B-00C04F79EFBC}") = "LocatorsTasks.Core", "LocatorsTasks.Core\LocatorsTasks.Core.csproj", "{8E76C7D4-2189-47FE-B0D2-12A1261CE4F6}"
EndProject
Global
	GlobalSection(SolutionConfigurationPlatforms) = preSolution
		Debug|Any CPU = Debug|Any CPU
		Release|Any CPU = Release|Any CPU
	EndGlobalSection
	GlobalSection(ProjectConfigurationPlatforms) = postSolution
		{53209B9E-CAA3-4158-A25C-031AE9D35365}.Debug|Any CPU.ActiveCfg = Debug|Any CPU
		{53209B9E-CAA3-4158-A25C-031AE9D35365}.Debug|Any CPU.Build.0 = Debug|Any CPU
		{53209B9E-CAA3-4158-A25C-031AE9D35365}.Release|Any CPU.ActiveCfg = Release|Any CPU
		{53209B9E-CAA3-4158-A25C-031AE9D35365}.Release|Any CPU.Build.0 = Release|Any CPU
		{8E76C7D4-2189-47FE-B0D2-12A1261CE4F6}.Debug|Any CPU.ActiveCfg = Debug|Any CPU
		{8E76C7D4-2189-47FE-B0D2-12A1261CE4F6}.Debug|Any CPU.Build.0 = Debug|Any CPU
		{8E76C7D4-2189-47FE-B0D2-12A1261CE4F6}.Release|Any CPU.ActiveCfg = Release|Any CPU
		{8E76C7D4-2189-47FE-B0D2-12A1261CE4F6}.Release|Any CPU.Build.0 = Release|Any CPU
	EndGlobalSection
	GlobalSection(SolutionProperties) = preSolution
		HideSolutionNode = FALSE
	EndGlobalSection
	GlobalSection(ExtensibilityGlobals) = postSolution
		SolutionGuid = {ECAC5C97-ECF2-47E4-9154-540DF2C9F86B}
	EndGlobalSection
EndGlobal
